
Microsoft Visual Studio Solution File, Format Version 12.00
# Visual Studio Version 16
VisualStudioVersion = 16.0.30114.105
MinimumVisualStudioVersion = 10.0.40219.1
Project("{9A19103F-16F7-4668-BE54-9A1E7A4F7556}") = "WithBugs.WebSite.Www", "Www\WithBugs.WebSite.Www.csproj", "{A2004DF6-602F-46A2-82C9-FFCDEFE10A55}"
EndProject
Global
	GlobalSection(SolutionConfigurationPlatforms) = preSolution
		Debug|Any CPU = Debug|Any CPU
		Release|Any CPU = Release|Any CPU
	EndGlobalSection
	GlobalSection(ProjectConfigurationPlatforms) = postSolution
		{A2004DF6-602F-46A2-82C9-FFCDEFE10A55}.Debug|Any CPU.ActiveCfg = Debug|Any CPU
		{A2004DF6-602F-46A2-82C9-FFCDEFE10A55}.Debug|Any CPU.Build.0 = Debug|Any CPU
		{A2004DF6-602F-46A2-82C9-FFCDEFE10A55}.Release|Any CPU.ActiveCfg = Release|Any CPU
		{A2004DF6-602F-46A2-82C9-FFCDEFE10A55}.Release|Any CPU.Build.0 = Release|Any CPU
	EndGlobalSection
	GlobalSection(SolutionProperties) = preSolution
		HideSolutionNode = FALSE
	EndGlobalSection
	GlobalSection(ExtensibilityGlobals) = postSolution
		SolutionGuid = {E9E7EFB1-4C4C-464D-BC76-ACEFAF8B8C80}
	EndGlobalSection
EndGlobal
